// !$*UTF8*$!
{
	archiveVersion = 1;
	classes = {
	};
	objectVersion = 50;
	objects = {

/* Begin PBXBuildFile section */
		122A49C226DCDEFE0065C520 /* SliderView.swift in Sources */ = {isa = PBXBuildFile; fileRef = 122A49C126DCDEFE0065C520 /* SliderView.swift */; };
		122A49C426DCDF1E0065C520 /* ResultView.swift in Sources */ = {isa = PBXBuildFile; fileRef = 122A49C326DCDF1E0065C520 /* ResultView.swift */; };
		122A49C626DD015E0065C520 /* GenderButton.swift in Sources */ = {isa = PBXBuildFile; fileRef = 122A49C526DD015E0065C520 /* GenderButton.swift */; };
		1262994726D3762E002A6D08 /* BMI_Calculator_SwiftUIApp.swift in Sources */ = {isa = PBXBuildFile; fileRef = 1262994626D3762E002A6D08 /* BMI_Calculator_SwiftUIApp.swift */; };
		1262994926D3762E002A6D08 /* HomeScreen.swift in Sources */ = {isa = PBXBuildFile; fileRef = 1262994826D3762E002A6D08 /* HomeScreen.swift */; };
		1262994B26D37630002A6D08 /* Assets.xcassets in Resources */ = {isa = PBXBuildFile; fileRef = 1262994A26D37630002A6D08 /* Assets.xcassets */; };
		1262994E26D37630002A6D08 /* Preview Assets.xcassets in Resources */ = {isa = PBXBuildFile; fileRef = 1262994D26D37630002A6D08 /* Preview Assets.xcassets */; };
		1262995626D3C16A002A6D08 /* ColorExtension.swift in Sources */ = {isa = PBXBuildFile; fileRef = 1262995526D3C16A002A6D08 /* ColorExtension.swift */; };
		12CA0C3326DA45C700C381B2 /* BmiCalculator.swift in Sources */ = {isa = PBXBuildFile; fileRef = 12CA0C3226DA45C700C381B2 /* BmiCalculator.swift */; };
		12CA0C3526DA4AB400C381B2 /* HomeScreenViewModel.swift in Sources */ = {isa = PBXBuildFile; fileRef = 12CA0C3426DA4AB400C381B2 /* HomeScreenViewModel.swift */; };
/* End PBXBuildFile section */

/* Begin PBXFileReference section */
		122A49C126DCDEFE0065C520 /* SliderView.swift */ = {isa = PBXFileReference; lastKnownFileType = sourcecode.swift; path = SliderView.swift; sourceTree = "<group>"; };
		122A49C326DCDF1E0065C520 /* ResultView.swift */ = {isa = PBXFileReference; lastKnownFileType = sourcecode.swift; path = ResultView.swift; sourceTree = "<group>"; };
		122A49C526DD015E0065C520 /* GenderButton.swift */ = {isa = PBXFileReference; lastKnownFileType = sourcecode.swift; path = GenderButton.swift; sourceTree = "<group>"; };
		1262994326D3762E002A6D08 /* BMI Calculator-SwiftUI.app */ = {isa = PBXFileReference; explicitFileType = wrapper.application; includeInIndex = 0; path = "BMI Calculator-SwiftUI.app"; sourceTree = BUILT_PRODUCTS_DIR; };
		1262994626D3762E002A6D08 /* BMI_Calculator_SwiftUIApp.swift */ = {isa = PBXFileReference; lastKnownFileType = sourcecode.swift; path = BMI_Calculator_SwiftUIApp.swift; sourceTree = "<group>"; };
		1262994826D3762E002A6D08 /* HomeScreen.swift */ = {isa = PBXFileReference; lastKnownFileType = sourcecode.swift; path = HomeScreen.swift; sourceTree = "<group>"; };
		1262994A26D37630002A6D08 /* Assets.xcassets */ = {isa = PBXFileReference; lastKnownFileType = folder.assetcatalog; path = Assets.xcassets; sourceTree = "<group>"; };
		1262994D26D37630002A6D08 /* Preview Assets.xcassets */ = {isa = PBXFileReference; lastKnownFileType = folder.assetcatalog; path = "Preview Assets.xcassets"; sourceTree = "<group>"; };
		1262994F26D37630002A6D08 /* Info.plist */ = {isa = PBXFileReference; lastKnownFileType = text.plist.xml; path = Info.plist; sourceTree = "<group>"; };
		1262995526D3C16A002A6D08 /* ColorExtension.swift */ = {isa = PBXFileReference; lastKnownFileType = sourcecode.swift; path = ColorExtension.swift; sourceTree = "<group>"; };
		12CA0C3226DA45C700C381B2 /* BmiCalculator.swift */ = {isa = PBXFileReference; lastKnownFileType = sourcecode.swift; path = BmiCalculator.swift; sourceTree = "<group>"; };
		12CA0C3426DA4AB400C381B2 /* HomeScreenViewModel.swift */ = {isa = PBXFileReference; lastKnownFileType = sourcecode.swift; path = HomeScreenViewModel.swift; sourceTree = "<group>"; };
/* End PBXFileReference section */

/* Begin PBXFrameworksBuildPhase section */
		1262994026D3762E002A6D08 /* Frameworks */ = {
			isa = PBXFrameworksBuildPhase;
			buildActionMask = 2147483647;
			files = (
			);
			runOnlyForDeploymentPostprocessing = 0;
		};
/* End PBXFrameworksBuildPhase section */

/* Begin PBXGroup section */
		1262993A26D3762E002A6D08 = {
			isa = PBXGroup;
			children = (
				1262994526D3762E002A6D08 /* BMI Calculator-SwiftUI */,
				1262994426D3762E002A6D08 /* Products */,
			);
			sourceTree = "<group>";
		};
		1262994426D3762E002A6D08 /* Products */ = {
			isa = PBXGroup;
			children = (
				1262994326D3762E002A6D08 /* BMI Calculator-SwiftUI.app */,
			);
			name = Products;
			sourceTree = "<group>";
		};
		1262994526D3762E002A6D08 /* BMI Calculator-SwiftUI */ = {
			isa = PBXGroup;
			children = (
				1262994626D3762E002A6D08 /* BMI_Calculator_SwiftUIApp.swift */,
				1262994826D3762E002A6D08 /* HomeScreen.swift */,
				122A49C526DD015E0065C520 /* GenderButton.swift */,
				122A49C326DCDF1E0065C520 /* ResultView.swift */,
				122A49C126DCDEFE0065C520 /* SliderView.swift */,
				12CA0C3226DA45C700C381B2 /* BmiCalculator.swift */,
				12CA0C3426DA4AB400C381B2 /* HomeScreenViewModel.swift */,
				1262995526D3C16A002A6D08 /* ColorExtension.swift */,
				1262994A26D37630002A6D08 /* Assets.xcassets */,
				1262994F26D37630002A6D08 /* Info.plist */,
				1262994C26D37630002A6D08 /* Preview Content */,
			);
			path = "BMI Calculator-SwiftUI";
			sourceTree = "<group>";
		};
		1262994C26D37630002A6D08 /* Preview Content */ = {
			isa = PBXGroup;
			children = (
				1262994D26D37630002A6D08 /* Preview Assets.xcassets */,
			);
			path = "Preview Content";
			sourceTree = "<group>";
		};
/* End PBXGroup section */

/* Begin PBXNativeTarget section */
		1262994226D3762E002A6D08 /* BMI Calculator-SwiftUI */ = {
			isa = PBXNativeTarget;
			buildConfigurationList = 1262995226D37630002A6D08 /* Build configuration list for PBXNativeTarget "BMI Calculator-SwiftUI" */;
			buildPhases = (
				1262993F26D3762E002A6D08 /* Sources */,
				1262994026D3762E002A6D08 /* Frameworks */,
				1262994126D3762E002A6D08 /* Resources */,
			);
			buildRules = (
			);
			dependencies = (
			);
			name = "BMI Calculator-SwiftUI";
			productName = "BMI Calculator-SwiftUI";
			productReference = 1262994326D3762E002A6D08 /* BMI Calculator-SwiftUI.app */;
			productType = "com.apple.product-type.application";
		};
/* End PBXNativeTarget section */

/* Begin PBXProject section */
		1262993B26D3762E002A6D08 /* Project object */ = {
			isa = PBXProject;
			attributes = {
				LastSwiftUpdateCheck = 1250;
				LastUpgradeCheck = 1250;
				TargetAttributes = {
					1262994226D3762E002A6D08 = {
						CreatedOnToolsVersion = 12.5.1;
					};
				};
			};
			buildConfigurationList = 1262993E26D3762E002A6D08 /* Build configuration list for PBXProject "BMI Calculator-SwiftUI" */;
			compatibilityVersion = "Xcode 9.3";
			developmentRegion = en;
			hasScannedForEncodings = 0;
			knownRegions = (
				en,
				Base,
			);
			mainGroup = 1262993A26D3762E002A6D08;
			productRefGroup = 1262994426D3762E002A6D08 /* Products */;
			projectDirPath = "";
			projectRoot = "";
			targets = (
				1262994226D3762E002A6D08 /* BMI Calculator-SwiftUI */,
			);
		};
/* End PBXProject section */

/* Begin PBXResourcesBuildPhase section */
		1262994126D3762E002A6D08 /* Resources */ = {
			isa = PBXResourcesBuildPhase;
			buildActionMask = 2147483647;
			files = (
				1262994E26D37630002A6D08 /* Preview Assets.xcassets in Resources */,
				1262994B26D37630002A6D08 /* Assets.xcassets in Resources */,
			);
			runOnlyForDeploymentPostprocessing = 0;
		};
/* End PBXResourcesBuildPhase section */

/* Begin PBXSourcesBuildPhase section */
		1262993F26D3762E002A6D08 /* Sources */ = {
			isa = PBXSourcesBuildPhase;
			buildActionMask = 2147483647;
			files = (
				12CA0C3326DA45C700C381B2 /* BmiCalculator.swift in Sources */,
				1262995626D3C16A002A6D08 /* ColorExtension.swift in Sources */,
				1262994926D3762E002A6D08 /* HomeScreen.swift in Sources */,
				122A49C226DCDEFE0065C520 /* SliderView.swift in Sources */,
				1262994726D3762E002A6D08 /* BMI_Calculator_SwiftUIApp.swift in Sources */,
				122A49C426DCDF1E0065C520 /* ResultView.swift in Sources */,
				122A49C626DD015E0065C520 /* GenderButton.swift in Sources */,
				12CA0C3526DA4AB400C381B2 /* HomeScreenViewModel.swift in Sources */,
			);
			runOnlyForDeploymentPostprocessing = 0;
		};
/* End PBXSourcesBuildPhase section */

/* Begin XCBuildConfiguration section */
		1262995026D37630002A6D08 /* Debug */ = {
			isa = XCBuildConfiguration;
			buildSettings = {
				ALWAYS_SEARCH_USER_PATHS = NO;
				CLANG_ANALYZER_NONNULL = YES;
				CLANG_ANALYZER_NUMBER_OBJECT_CONVERSION = YES_AGGRESSIVE;
				CLANG_CXX_LANGUAGE_STANDARD = "gnu++14";
				CLANG_CXX_LIBRARY = "libc++";
				CLANG_ENABLE_MODULES = YES;
				CLANG_ENABLE_OBJC_ARC = YES;
				CLANG_ENABLE_OBJC_WEAK = YES;
				CLANG_WARN_BLOCK_CAPTURE_AUTORELEASING = YES;
				CLANG_WARN_BOOL_CONVERSION = YES;
				CLANG_WARN_COMMA = YES;
				CLANG_WARN_CONSTANT_CONVERSION = YES;
				CLANG_WARN_DEPRECATED_OBJC_IMPLEMENTATIONS = YES;
				CLANG_WARN_DIRECT_OBJC_ISA_USAGE = YES_ERROR;
				CLANG_WARN_DOCUMENTATION_COMMENTS = YES;
				CLANG_WARN_EMPTY_BODY = YES;
				CLANG_WARN_ENUM_CONVERSION = YES;
				CLANG_WARN_INFINITE_RECURSION = YES;
				CLANG_WARN_INT_CONVERSION = YES;
				CLANG_WARN_NON_LITERAL_NULL_CONVERSION = YES;
				CLANG_WARN_OBJC_IMPLICIT_RETAIN_SELF = YES;
				CLANG_WARN_OBJC_LITERAL_CONVERSION = YES;
				CLANG_WARN_OBJC_ROOT_CLASS = YES_ERROR;
				CLANG_WARN_QUOTED_INCLUDE_IN_FRAMEWORK_HEADER = YES;
				CLANG_WARN_RANGE_LOOP_ANALYSIS = YES;
				CLANG_WARN_STRICT_PROTOTYPES = YES;
				CLANG_WARN_SUSPICIOUS_MOVE = YES;
				CLANG_WARN_UNGUARDED_AVAILABILITY = YES_AGGRESSIVE;
				CLANG_WARN_UNREACHABLE_CODE = YES;
				CLANG_WARN__DUPLICATE_METHOD_MATCH = YES;
				COPY_PHASE_STRIP = NO;
				DEBUG_INFORMATION_FORMAT = dwarf;
				ENABLE_STRICT_OBJC_MSGSEND = YES;
				ENABLE_TESTABILITY = YES;
				GCC_C_LANGUAGE_STANDARD = gnu11;
				GCC_DYNAMIC_NO_PIC = NO;
				GCC_NO_COMMON_BLOCKS = YES;
				GCC_OPTIMIZATION_LEVEL = 0;
				GCC_PREPROCESSOR_DEFINITIONS = (
					"DEBUG=1",
					"$(inherited)",
				);
				GCC_WARN_64_TO_32_BIT_CONVERSION = YES;
				GCC_WARN_ABOUT_RETURN_TYPE = YES_ERROR;
				GCC_WARN_UNDECLARED_SELECTOR = YES;
				GCC_WARN_UNINITIALIZED_AUTOS = YES_AGGRESSIVE;
				GCC_WARN_UNUSED_FUNCTION = YES;
				GCC_WARN_UNUSED_VARIABLE = YES;
				IPHONEOS_DEPLOYMENT_TARGET = 14.5;
				MTL_ENABLE_DEBUG_INFO = INCLUDE_SOURCE;
				MTL_FAST_MATH = YES;
				ONLY_ACTIVE_ARCH = YES;
				SDKROOT = iphoneos;
				SWIFT_ACTIVE_COMPILATION_CONDITIONS = DEBUG;
				SWIFT_OPTIMIZATION_LEVEL = "-Onone";
			};
			name = Debug;
		};
		1262995126D37630002A6D08 /* Release */ = {
			isa = XCBuildConfiguration;
			buildSettings = {
				ALWAYS_SEARCH_USER_PATHS = NO;
				CLANG_ANALYZER_NONNULL = YES;
				CLANG_ANALYZER_NUMBER_OBJECT_CONVERSION = YES_AGGRESSIVE;
				CLANG_CXX_LANGUAGE_STANDARD = "gnu++14";
				CLANG_CXX_LIBRARY = "libc++";
				CLANG_ENABLE_MODULES = YES;
				CLANG_ENABLE_OBJC_ARC = YES;
				CLANG_ENABLE_OBJC_WEAK = YES;
				CLANG_WARN_BLOCK_CAPTURE_AUTORELEASING = YES;
				CLANG_WARN_BOOL_CONVERSION = YES;
				CLANG_WARN_COMMA = YES;
				CLANG_WARN_CONSTANT_CONVERSION = YES;
				CLANG_WARN_DEPRECATED_OBJC_IMPLEMENTATIONS = YES;
				CLANG_WARN_DIRECT_OBJC_ISA_USAGE = YES_ERROR;
				CLANG_WARN_DOCUMENTATION_COMMENTS = YES;
				CLANG_WARN_EMPTY_BODY = YES;
				CLANG_WARN_ENUM_CONVERSION = YES;
				CLANG_WARN_INFINITE_RECURSION = YES;
				CLANG_WARN_INT_CONVERSION = YES;
				CLANG_WARN_NON_LITERAL_NULL_CONVERSION = YES;
				CLANG_WARN_OBJC_IMPLICIT_RETAIN_SELF = YES;
				CLANG_WARN_OBJC_LITERAL_CONVERSION = YES;
				CLANG_WARN_OBJC_ROOT_CLASS = YES_ERROR;
				CLANG_WARN_QUOTED_INCLUDE_IN_FRAMEWORK_HEADER = YES;
				CLANG_WARN_RANGE_LOOP_ANALYSIS = YES;
				CLANG_WARN_STRICT_PROTOTYPES = YES;
				CLANG_WARN_SUSPICIOUS_MOVE = YES;
				CLANG_WARN_UNGUARDED_AVAILABILITY = YES_AGGRESSIVE;
				CLANG_WARN_UNREACHABLE_CODE = YES;
				CLANG_WARN__DUPLICATE_METHOD_MATCH = YES;
				COPY_PHASE_STRIP = NO;
				DEBUG_INFORMATION_FORMAT = "dwarf-with-dsym";
				ENABLE_NS_ASSERTIONS = NO;
				ENABLE_STRICT_OBJC_MSGSEND = YES;
				GCC_C_LANGUAGE_STANDARD = gnu11;
				GCC_NO_COMMON_BLOCKS = YES;
				GCC_WARN_64_TO_32_BIT_CONVERSION = YES;
				GCC_WARN_ABOUT_RETURN_TYPE = YES_ERROR;
				GCC_WARN_UNDECLARED_SELECTOR = YES;
				GCC_WARN_UNINITIALIZED_AUTOS = YES_AGGRESSIVE;
				GCC_WARN_UNUSED_FUNCTION = YES;
				GCC_WARN_UNUSED_VARIABLE = YES;
				IPHONEOS_DEPLOYMENT_TARGET = 14.5;
				MTL_ENABLE_DEBUG_INFO = NO;
				MTL_FAST_MATH = YES;
				SDKROOT = iphoneos;
				SWIFT_COMPILATION_MODE = wholemodule;
				SWIFT_OPTIMIZATION_LEVEL = "-O";
				VALIDATE_PRODUCT = YES;
			};
			name = Release;
		};
		1262995326D37630002A6D08 /* Debug */ = {
			isa = XCBuildConfiguration;
			buildSettings = {
				ASSETCATALOG_COMPILER_APPICON_NAME = AppIcon;
				ASSETCATALOG_COMPILER_GLOBAL_ACCENT_COLOR_NAME = AccentColor;
				CODE_SIGN_STYLE = Automatic;
				DEVELOPMENT_ASSET_PATHS = "\"BMI Calculator-SwiftUI/Preview Content\"";
				DEVELOPMENT_TEAM = RPQ3VF2JBZ;
				ENABLE_PREVIEWS = YES;
				INFOPLIST_FILE = "BMI Calculator-SwiftUI/Info.plist";
				IPHONEOS_DEPLOYMENT_TARGET = 14.0;
				LD_RUNPATH_SEARCH_PATHS = (
					"$(inherited)",
					"@executable_path/Frameworks",
				);
				PRODUCT_BUNDLE_IDENTIFIER = "com.mfsaglam.BMI-Calculator-SwiftUI";
				PRODUCT_NAME = "$(TARGET_NAME)";
				SWIFT_VERSION = 5.0;
				TARGETED_DEVICE_FAMILY = "1,2";
			};
			name = Debug;
		};
		1262995426D37630002A6D08 /* Release */ = {
			isa = XCBuildConfiguration;
			buildSettings = {
				ASSETCATALOG_COMPILER_APPICON_NAME = AppIcon;
				ASSETCATALOG_COMPILER_GLOBAL_ACCENT_COLOR_NAME = AccentColor;
				CODE_SIGN_STYLE = Automatic;
				DEVELOPMENT_ASSET_PATHS = "\"BMI Calculator-SwiftUI/Preview Content\"";
				DEVELOPMENT_TEAM = RPQ3VF2JBZ;
				ENABLE_PREVIEWS = YES;
				INFOPLIST_FILE = "BMI Calculator-SwiftUI/Info.plist";
				IPHONEOS_DEPLOYMENT_TARGET = 14.0;
				LD_RUNPATH_SEARCH_PATHS = (
					"$(inherited)",
					"@executable_path/Frameworks",
				);
				PRODUCT_BUNDLE_IDENTIFIER = "com.mfsaglam.BMI-Calculator-SwiftUI";
				PRODUCT_NAME = "$(TARGET_NAME)";
				SWIFT_VERSION = 5.0;
				TARGETED_DEVICE_FAMILY = "1,2";
			};
			name = Release;
		};
/* End XCBuildConfiguration section */

/* Begin XCConfigurationList section */
		1262993E26D3762E002A6D08 /* Build configuration list for PBXProject "BMI Calculator-SwiftUI" */ = {
			isa = XCConfigurationList;
			buildConfigurations = (
				1262995026D37630002A6D08 /* Debug */,
				1262995126D37630002A6D08 /* Release */,
			);
			defaultConfigurationIsVisible = 0;
			defaultConfigurationName = Release;
		};
		1262995226D37630002A6D08 /* Build configuration list for PBXNativeTarget "BMI Calculator-SwiftUI" */ = {
			isa = XCConfigurationList;
			buildConfigurations = (
				1262995326D37630002A6D08 /* Debug */,
				1262995426D37630002A6D08 /* Release */,
			);
			defaultConfigurationIsVisible = 0;
			defaultConfigurationName = Release;
		};
/* End XCConfigurationList section */
	};
	rootObject = 1262993B26D3762E002A6D08 /* Project object */;
}
